{
    "_readme": [
        "This file locks the dependencies of your project to a known state",
        "Read more about it at https://getcomposer.org/doc/01-basic-usage.md#installing-dependencies",
        "This file is @generated automatically"
    ],
    "content-hash": "dada836292dd3b4e4fb7ef04a18ef243",
    "packages": [
        {
            "name": "composer/installers",
            "version": "v1.5.0",
            "source": {
                "type": "git",
                "url": "https://github.com/composer/installers.git",
                "reference": "049797d727261bf27f2690430d935067710049c2"
            },
            "dist": {
                "type": "zip",
                "url": "https://api.github.com/repos/composer/installers/zipball/049797d727261bf27f2690430d935067710049c2",
                "reference": "049797d727261bf27f2690430d935067710049c2",
                "shasum": ""
            },
            "require": {
                "composer-plugin-api": "^1.0"
            },
            "replace": {
                "roundcube/plugin-installer": "*",
                "shama/baton": "*"
            },
            "require-dev": {
                "composer/composer": "1.0.*@dev",
                "phpunit/phpunit": "^4.8.36"
            },
            "type": "composer-plugin",
            "extra": {
                "class": "Composer\\Installers\\Plugin",
                "branch-alias": {
                    "dev-master": "1.0-dev"
                }
            },
            "autoload": {
                "psr-4": {
                    "Composer\\Installers\\": "src/Composer/Installers"
                }
            },
            "notification-url": "https://packagist.org/downloads/",
            "license": [
                "MIT"
            ],
            "authors": [
                {
                    "name": "Kyle Robinson Young",
                    "email": "kyle@dontkry.com",
                    "homepage": "https://github.com/shama"
                }
            ],
            "description": "A multi-framework Composer library installer",
            "homepage": "https://composer.github.io/installers/",
            "keywords": [
                "Craft",
                "Dolibarr",
                "Eliasis",
                "Hurad",
                "ImageCMS",
                "Kanboard",
                "Lan Management System",
                "MODX Evo",
                "Mautic",
                "Maya",
                "OXID",
                "Plentymarkets",
                "Porto",
                "RadPHP",
                "SMF",
                "Thelia",
                "WolfCMS",
                "agl",
                "aimeos",
                "annotatecms",
                "attogram",
                "bitrix",
                "cakephp",
                "chef",
                "cockpit",
                "codeigniter",
                "concrete5",
                "croogo",
                "dokuwiki",
                "drupal",
                "eZ Platform",
                "elgg",
                "expressionengine",
                "fuelphp",
                "grav",
                "installer",
                "itop",
                "joomla",
                "kohana",
                "laravel",
                "lavalite",
                "lithium",
                "magento",
                "majima",
                "mako",
                "mediawiki",
                "modulework",
                "modx",
                "moodle",
                "osclass",
                "phpbb",
                "piwik",
                "ppi",
                "puppet",
                "pxcms",
                "reindex",
                "roundcube",
                "shopware",
                "silverstripe",
                "sydes",
                "symfony",
                "typo3",
                "wordpress",
                "yawik",
                "zend",
                "zikula"
            ],
            "time": "2017-12-29T09:13:20+00:00"
        },
        {
            "name": "cweagans/composer-patches",
            "version": "1.6.4",
            "source": {
                "type": "git",
                "url": "https://github.com/cweagans/composer-patches.git",
                "reference": "462e65061606dc6149349535d4322241515d1b16"
            },
            "dist": {
                "type": "zip",
                "url": "https://api.github.com/repos/cweagans/composer-patches/zipball/462e65061606dc6149349535d4322241515d1b16",
                "reference": "462e65061606dc6149349535d4322241515d1b16",
                "shasum": ""
            },
            "require": {
                "composer-plugin-api": "^1.0",
                "php": ">=5.3.0"
            },
            "require-dev": {
                "composer/composer": "~1.0",
                "phpunit/phpunit": "~4.6"
            },
            "type": "composer-plugin",
            "extra": {
                "class": "cweagans\\Composer\\Patches"
            },
            "autoload": {
                "psr-4": {
                    "cweagans\\Composer\\": "src"
                }
            },
            "notification-url": "https://packagist.org/downloads/",
            "license": [
                "BSD-2-Clause"
            ],
            "authors": [
                {
                    "name": "Cameron Eagans",
                    "email": "me@cweagans.net"
                }
            ],
            "description": "Provides a way to patch Composer packages.",
            "time": "2017-12-07T16:16:31+00:00"
        },
        {
            "name": "drupal/admin_toolbar",
            "version": "1.23.0",
            "source": {
                "type": "git",
                "url": "https://git.drupal.org/project/admin_toolbar",
                "reference": "8.x-1.23"
            },
            "dist": {
                "type": "zip",
                "url": "https://ftp.drupal.org/files/projects/admin_toolbar-8.x-1.23.zip",
                "reference": "8.x-1.23",
                "shasum": "46d7ed18a9154c35e765ae43ce43aa292c025d65"
            },
            "require": {
                "drupal/core": "*"
            },
            "type": "drupal-module",
            "extra": {
                "branch-alias": {
                    "dev-1.x": "1.x-dev"
                },
                "drupal": {
                    "version": "8.x-1.23",
                    "datestamp": "1517936581",
                    "security-coverage": {
                        "status": "covered",
                        "message": "Covered by Drupal's security advisory policy"
                    }
                }
            },
            "notification-url": "https://packages.drupal.org/8/downloads",
            "license": [
                "GPL-2.0+"
            ],
            "authors": [
                {
                    "name": "Mohamed Anis Taktak",
                    "homepage": "https://www.drupal.org/u/matio89"
                },
                {
                    "name": "adriancid",
                    "homepage": "https://www.drupal.org/user/1962106"
                },
                {
                    "name": "bolbol",
                    "homepage": "https://www.drupal.org/user/3400070"
                },
                {
                    "name": "eme",
                    "homepage": "https://www.drupal.org/user/542492"
                },
                {
                    "name": "fethi.krout",
                    "homepage": "https://www.drupal.org/user/3206765"
                },
                {
                    "name": "matio89",
                    "homepage": "https://www.drupal.org/user/2320090"
                },
                {
                    "name": "romainj",
                    "homepage": "https://www.drupal.org/user/370706"
                }
            ],
            "description": "Admin Toolbar improve the default Drupal Toolbar, it lets the hover of sub menus.",
            "homepage": "http://drupal.org/project/admin_toolbar",
            "support": {
                "source": "http://cgit.drupalcode.org/admin_toolbar",
                "issues": "https://www.drupal.org/project/issues/admin_toolbar"
            }
        },
        {
            "name": "drupal/adminimal_admin_toolbar",
            "version": "1.5.0",
            "source": {
                "type": "git",
                "url": "https://git.drupal.org/project/adminimal_admin_toolbar",
                "reference": "8.x-1.5"
            },
            "dist": {
                "type": "zip",
                "url": "https://ftp.drupal.org/files/projects/adminimal_admin_toolbar-8.x-1.5.zip",
                "reference": "8.x-1.5",
                "shasum": "2b4b4f04d5b0a5ff1d94b55a2096d1221a1010a4"
            },
            "require": {
                "drupal/admin_toolbar": "*",
                "drupal/core": "~8.0"
            },
            "type": "drupal-module",
            "extra": {
                "branch-alias": {
                    "dev-1.x": "1.x-dev"
                },
                "drupal": {
                    "version": "8.x-1.5",
                    "datestamp": "1500955443",
                    "security-coverage": {
                        "status": "covered",
                        "message": "Covered by Drupal's security advisory policy"
                    }
                }
            },
            "notification-url": "https://packages.drupal.org/8/downloads",
            "license": [
                "GPL-2.0+"
            ],
            "authors": [
                {
                    "name": "Ted Slesinski",
                    "homepage": "https://www.drupal.org/u/energee"
                }
            ],
            "description": "Adminimal styling brought to admin toolbar.",
            "homepage": "https://www.drupal.org/project/adminimal_admin_toolbar",
            "support": {
                "source": "http://cgit.drupalcode.org/adminimal_admin_toolbar",
                "issues": "https://www.drupal.org/project/issues/adminimal_admin_toolbar"
            }
        },
        {
            "name": "drupal/adminimal_theme",
            "version": "1.3.0",
            "source": {
                "type": "git",
                "url": "https://git.drupal.org/project/adminimal_theme",
                "reference": "8.x-1.3"
            },
            "dist": {
                "type": "zip",
                "url": "https://ftp.drupal.org/files/projects/adminimal_theme-8.x-1.3.zip",
                "reference": "8.x-1.3",
                "shasum": "bb9f280bcdbd7e4d384a925c685a2aa1feed8419"
            },
            "require": {
                "drupal/core": "~8.0"
            },
            "type": "drupal-theme",
            "extra": {
                "branch-alias": {
                    "dev-1.x": "1.x-dev"
                },
                "drupal": {
                    "version": "8.x-1.3",
                    "datestamp": "1480507083",
                    "security-coverage": {
                        "status": "covered",
                        "message": "Covered by Drupal's security advisory policy"
                    }
                }
            },
            "notification-url": "https://packages.drupal.org/8/downloads",
            "license": [
                "GPL-2.0-or-later"
            ],
            "authors": [
                {
                    "name": "ANDiTKO",
                    "homepage": "https://www.drupal.org/user/1428124"
                },
                {
                    "name": "realityloop",
                    "homepage": "https://www.drupal.org/user/139189"
                }
            ],
            "description": "Drupal administration theme with modern minimalist design.",
            "homepage": "https://www.drupal.org/project/adminimal_theme",
            "support": {
                "source": "http://cgit.drupalcode.org/adminimal_theme"
            }
        },
        {
            "name": "drupal/bootstrap_barrio",
            "version": "4.8.0",
            "source": {
                "type": "git",
                "url": "https://git.drupal.org/project/bootstrap_barrio",
                "reference": "8.x-4.8"
            },
            "dist": {
                "type": "zip",
                "url": "https://ftp.drupal.org/files/projects/bootstrap_barrio-8.x-4.8.zip",
                "reference": "8.x-4.8",
                "shasum": "811eb4d62adb7ade53393a64a04ea6a98be64de7"
            },
            "require": {
                "drupal/core": "~8.0"
            },
            "type": "drupal-theme",
            "extra": {
                "branch-alias": {
                    "dev-4.x": "4.x-dev"
                },
                "drupal": {
                    "version": "8.x-4.8",
                    "datestamp": "1523118185",
                    "security-coverage": {
                        "status": "covered",
                        "message": "Covered by Drupal's security advisory policy"
                    }
                },
                "patches_applied": []
            },
            "notification-url": "https://packages.drupal.org/8/downloads",
            "license": [
                "GPL-2.0-or-later"
            ],
            "authors": [
                {
                    "name": "WillAcon",
                    "homepage": "https://www.drupal.org/user/2824325"
                },
                {
                    "name": "hatuhay",
                    "homepage": "https://www.drupal.org/user/827704"
                }
            ],
            "description": "A flexible Booststrap based theme, with many regions and a responsive, mobile-first layout.",
            "homepage": "https://www.drupal.org/project/bootstrap_barrio",
            "support": {
                "source": "http://cgit.drupalcode.org/bootstrap_barrio"
            }
        },
        {
            "name": "drupal/bootstrap_library",
            "version": "1.10.0",
            "source": {
                "type": "git",
                "url": "https://git.drupal.org/project/bootstrap_library",
                "reference": "8.x-1.10"
            },
            "dist": {
                "type": "zip",
                "url": "https://ftp.drupal.org/files/projects/bootstrap_library-8.x-1.10.zip",
                "reference": "8.x-1.10",
                "shasum": "d71b28d164e66d62b9ae2a64a044b2ffee2ac511"
            },
            "require": {
                "drupal/core": "~8.0"
            },
            "type": "drupal-module",
            "extra": {
                "branch-alias": {
                    "dev-1.x": "1.x-dev"
                },
                "drupal": {
                    "version": "8.x-1.10",
                    "datestamp": "1518664083",
                    "security-coverage": {
                        "status": "covered",
                        "message": "Covered by Drupal's security advisory policy"
                    }
                }
            },
            "notification-url": "https://packages.drupal.org/8/downloads",
            "license": [
                "GPL-2.0-or-later"
            ],
            "authors": [
                {
                    "name": "hatuhay",
                    "homepage": "https://www.drupal.org/user/827704"
                }
            ],
            "description": "Register Boostrap as a library by installing files in /sites/all/libraries/bootstrap.",
            "homepage": "https://www.drupal.org/project/bootstrap_library",
            "support": {
                "source": "http://cgit.drupalcode.org/bootstrap_library"
            }
        },
        {
            "name": "drupal/config_filter",
            "version": "1.2.0",
            "source": {
                "type": "git",
                "url": "https://git.drupal.org/project/config_filter",
                "reference": "8.x-1.2"
            },
            "dist": {
                "type": "zip",
                "url": "https://ftp.drupal.org/files/projects/config_filter-8.x-1.2.zip",
                "reference": "8.x-1.2",
                "shasum": "ba3d76dc6bb1eb8644ce8997ca2890496a50ae0e"
            },
            "require": {
                "drupal/core": "~8.0"
            },
            "suggest": {
                "drupal/config_split": "Split site configuration for different environments."
            },
            "type": "drupal-module",
            "extra": {
                "branch-alias": {
                    "dev-1.x": "1.x-dev"
                },
                "drupal": {
                    "version": "8.x-1.2",
                    "datestamp": "1522943885",
                    "security-coverage": {
                        "status": "covered",
                        "message": "Covered by Drupal's security advisory policy"
                    }
                }
            },
            "notification-url": "https://packages.drupal.org/8/downloads",
            "license": [
                "GPL-2.0+"
            ],
            "authors": [
                {
                    "name": "Fabian Bircher",
                    "homepage": "https://www.drupal.org/u/bircher",
                    "email": "opensource@fabianbircher.com",
                    "role": "Maintainer"
                },
                {
                    "name": "Nuvole Web",
                    "homepage": "http://nuvole.org",
                    "email": "info@nuvole.org",
                    "role": "Maintainer"
                },
                {
                    "name": "pescetti",
                    "homepage": "https://www.drupal.org/user/436244"
                }
            ],
            "description": "Config Filter allows other modules to interact with a ConfigStorage through filter plugins.",
            "homepage": "https://www.drupal.org/project/config_filter",
            "keywords": [
                "Drupal",
                "configuration",
                "configuration management"
            ],
            "support": {
                "source": "http://cgit.drupalcode.org/config_filter",
                "issues": "https://www.drupal.org/project/issues/config_filter",
                "irc": "irc://irc.freenode.org/drupal-contribute"
            }
        },
        {
            "name": "drupal/config_readonly",
            "version": "1.0.0-beta3",
            "source": {
                "type": "git",
                "url": "https://git.drupal.org/project/config_readonly",
                "reference": "8.x-1.0-beta3"
            },
            "dist": {
                "type": "zip",
                "url": "https://ftp.drupal.org/files/projects/config_readonly-8.x-1.0-beta3.zip",
                "reference": "8.x-1.0-beta3",
                "shasum": "ef474bcf5f46221e88b1cf4fa2b6abe99439b878"
            },
            "require": {
                "drupal/core": "~8.0"
            },
            "type": "drupal-module",
            "extra": {
                "branch-alias": {
                    "dev-1.x": "1.x-dev"
                },
                "drupal": {
                    "version": "8.x-1.0-beta3",
                    "datestamp": "1519398184",
                    "security-coverage": {
                        "status": "not-covered",
                        "message": "Project has not opted into security advisory coverage!"
                    }
                }
            },
            "notification-url": "https://packages.drupal.org/8/downloads",
            "license": [
                "GPL-2.0-or-later"
            ],
            "authors": [
                {
                    "name": "beejeebus",
                    "homepage": "https://www.drupal.org/user/38580"
                },
                {
                    "name": "effulgentsia",
                    "homepage": "https://www.drupal.org/user/78040"
                },
                {
                    "name": "moshe weitzman",
                    "homepage": "https://www.drupal.org/user/23"
                },
                {
                    "name": "pwolanin",
                    "homepage": "https://www.drupal.org/user/49851"
                },
                {
                    "name": "scor",
                    "homepage": "https://www.drupal.org/user/52142"
                },
                {
                    "name": "wheatpenny",
                    "homepage": "https://www.drupal.org/user/1128182"
                }
            ],
            "description": "Enables making the active configuration store read-only to prevent configuration changes on a Drupal site.",
            "homepage": "https://www.drupal.org/project/config_readonly",
            "support": {
                "source": "http://cgit.drupalcode.org/config_readonly"
            }
        },
        {
            "name": "drupal/config_split",
            "version": "1.3.0",
            "source": {
                "type": "git",
                "url": "https://git.drupal.org/project/config_split",
                "reference": "8.x-1.3"
            },
            "dist": {
                "type": "zip",
                "url": "https://ftp.drupal.org/files/projects/config_split-8.x-1.3.zip",
                "reference": "8.x-1.3",
                "shasum": "2b98b26027a55a895468f11d2cea07546cdf3491"
            },
            "require": {
                "drupal/config_filter": "*",
                "drupal/core": "~8.0"
            },
            "type": "drupal-module",
            "extra": {
                "branch-alias": {
                    "dev-1.x": "1.x-dev"
                },
                "drupal": {
                    "version": "8.x-1.3",
                    "datestamp": "1511810585",
                    "security-coverage": {
                        "status": "covered",
                        "message": "Covered by Drupal's security advisory policy"
                    }
                },
                "drush": {
                    "services": {
                        "drush.services.yml": "^9"
                    }
                }
            },
            "notification-url": "https://packages.drupal.org/8/downloads",
            "license": [
                "GPL-2.0+"
            ],
            "authors": [
                {
                    "name": "Fabian Bircher",
                    "homepage": "https://www.drupal.org/u/bircher",
                    "email": "opensource@fabianbircher.com",
                    "role": "Maintainer"
                },
                {
                    "name": "Nuvole Web",
                    "homepage": "http://nuvole.org",
                    "email": "info@nuvole.org",
                    "role": "Maintainer"
                },
                {
                    "name": "pescetti",
                    "homepage": "https://www.drupal.org/user/436244"
                }
            ],
            "description": "Configuration filter for importing and exporting extra config",
            "homepage": "https://www.drupal.org/project/config_split",
            "keywords": [
                "Drupal",
                "configuration",
                "configuration management"
            ],
            "support": {
                "source": "http://cgit.drupalcode.org/config_split",
                "issues": "https://www.drupal.org/project/issues/config_split",
                "irc": "irc://irc.freenode.org/drupal-contribute"
            }
        },
        {
            "name": "drupal/ctools",
            "version": "3.0.0",
            "source": {
                "type": "git",
                "url": "https://git.drupal.org/project/ctools",
                "reference": "8.x-3.0"
            },
            "dist": {
                "type": "zip",
                "url": "https://ftp.drupal.org/files/projects/ctools-8.x-3.0.zip",
                "reference": "8.x-3.0",
                "shasum": "302e869ecd1e59fe55663673999fee2ccac5daa8"
            },
            "require": {
                "drupal/core": "~8.0"
            },
            "type": "drupal-module",
            "extra": {
                "branch-alias": {
                    "dev-3.x": "3.x-dev"
                },
                "drupal": {
                    "version": "8.x-3.0",
                    "datestamp": "1493401742",
                    "security-coverage": {
                        "status": "covered",
                        "message": "Covered by Drupal's security advisory policy"
                    }
                }
            },
            "notification-url": "https://packages.drupal.org/8/downloads",
            "license": [
                "GPL-2.0+"
            ],
            "authors": [
                {
                    "name": "Kris Vanderwater (EclipseGc)",
                    "homepage": "https://www.drupal.org/u/eclipsegc",
                    "role": "Maintainer"
                },
                {
                    "name": "Jakob Perry (japerry)",
                    "homepage": "https://www.drupal.org/u/japerry",
                    "role": "Maintainer"
                },
                {
                    "name": "Tim Plunkett (tim.plunkett)",
                    "homepage": "https://www.drupal.org/u/timplunkett",
                    "role": "Maintainer"
                },
                {
                    "name": "James Gilliland (neclimdul)",
                    "homepage": "https://www.drupal.org/u/neclimdul",
                    "role": "Maintainer"
                },
                {
                    "name": "Daniel Wehner (dawehner)",
                    "homepage": "https://www.drupal.org/u/dawehner",
                    "role": "Maintainer"
                },
                {
                    "name": "joelpittet",
                    "homepage": "https://www.drupal.org/user/160302"
                },
                {
                    "name": "merlinofchaos",
                    "homepage": "https://www.drupal.org/user/26979"
                },
                {
                    "name": "neclimdul",
                    "homepage": "https://www.drupal.org/user/48673"
                },
                {
                    "name": "sdboyer",
                    "homepage": "https://www.drupal.org/user/146719"
                },
                {
                    "name": "sun",
                    "homepage": "https://www.drupal.org/user/54136"
                },
                {
                    "name": "tim.plunkett",
                    "homepage": "https://www.drupal.org/user/241634"
                }
            ],
            "description": "Provides a number of utility and helper APIs for Drupal developers and site builders.",
            "homepage": "https://www.drupal.org/project/ctools",
            "support": {
                "source": "http://cgit.drupalcode.org/ctools",
                "issues": "https://www.drupal.org/project/issues/ctools"
            }
        },
        {
            "name": "drupal/dynamic_layouts",
            "version": "1.3.0",
            "source": {
                "type": "git",
                "url": "https://git.drupal.org/project/dynamic_layouts",
                "reference": "8.x-1.3"
            },
            "dist": {
                "type": "zip",
                "url": "https://ftp.drupal.org/files/projects/dynamic_layouts-8.x-1.3.zip",
                "reference": "8.x-1.3",
                "shasum": "1ca8bfe66743ddd2e1f770574464b41977e8c7a6"
            },
            "require": {
                "drupal/core": "^8.3"
            },
            "type": "drupal-module",
            "extra": {
                "branch-alias": {
                    "dev-1.x": "1.x-dev"
                },
                "drupal": {
                    "version": "8.x-1.3",
                    "datestamp": "1520518685",
                    "security-coverage": {
                        "status": "covered",
                        "message": "Covered by Drupal's security advisory policy"
                    }
                }
            },
            "notification-url": "https://packages.drupal.org/8/downloads",
            "license": [
                "GPL-2.0-or-later"
            ],
            "authors": [
                {
                    "name": "Falco010",
                    "homepage": "https://www.drupal.org/user/3239753"
                },
                {
                    "name": "fabianderijk",
                    "homepage": "https://www.drupal.org/user/278745"
                }
            ],
            "description": "Provides a dynamic layout builder.",
            "homepage": "https://www.drupal.org/project/dynamic_layouts",
            "support": {
                "source": "http://cgit.drupalcode.org/dynamic_layouts"
            }
        },
        {
            "name": "drupal/entity_reference_revisions",
            "version": "1.4.0",
            "source": {
                "type": "git",
                "url": "https://git.drupal.org/project/entity_reference_revisions",
                "reference": "8.x-1.4"
            },
            "dist": {
                "type": "zip",
                "url": "https://ftp.drupal.org/files/projects/entity_reference_revisions-8.x-1.4.zip",
                "reference": "8.x-1.4",
                "shasum": "0d5e159ab52fe8e5aa7c27e7ccfc0299e1af4d72"
            },
            "require": {
                "drupal/core": "~8.0"
            },
            "require-dev": {
                "drupal/diff": "*"
            },
            "type": "drupal-module",
            "extra": {
                "branch-alias": {
                    "dev-1.x": "1.x-dev"
                },
                "drupal": {
                    "version": "8.x-1.4",
                    "datestamp": "1515143885",
                    "security-coverage": {
                        "status": "covered",
                        "message": "Covered by Drupal's security advisory policy"
                    }
                }
            },
            "notification-url": "https://packages.drupal.org/8/downloads",
            "license": [
                "GPL-2.0-or-later"
            ],
            "authors": [
                {
                    "name": "Frans",
                    "homepage": "https://www.drupal.org/user/514222"
                },
                {
                    "name": "jeroen.b",
                    "homepage": "https://www.drupal.org/user/1853532"
                },
                {
                    "name": "miro_dietiker",
                    "homepage": "https://www.drupal.org/user/227761"
                }
            ],
            "description": "Adds a Entity Reference field type with revision support.",
            "homepage": "https://www.drupal.org/project/entity_reference_revisions",
            "support": {
                "source": "http://cgit.drupalcode.org/entity_reference_revisions"
            }
        },
        {
            "name": "drupal/linkit",
            "version": "4.3.0",
            "source": {
                "type": "git",
                "url": "https://git.drupal.org/project/linkit",
                "reference": "8.x-4.3"
            },
            "dist": {
                "type": "zip",
                "url": "https://ftp.drupal.org/files/projects/linkit-8.x-4.3.zip",
                "reference": "8.x-4.3",
                "shasum": "e624ea2f18a6100b76a8337e24f7c08df6e2235e"
            },
            "require": {
                "drupal/core": "~8.0"
            },
            "type": "drupal-module",
            "extra": {
                "branch-alias": {
                    "dev-4.x": "4.x-dev"
                },
                "drupal": {
                    "version": "8.x-4.3",
                    "datestamp": "1490205830",
                    "security-coverage": {
                        "status": "covered",
                        "message": "Covered by Drupal's security advisory policy"
                    }
                }
            },
            "notification-url": "https://packages.drupal.org/8/downloads",
            "license": [
                "GPL-2.0+"
            ],
            "authors": [
                {
                    "name": "Emil Stjerneman",
                    "homepage": "https://stjerneman.com",
                    "email": "emil@stjerneman.com",
                    "role": "Maintainer"
                }
            ],
            "description": "Linkit - Enriched linking experience",
            "homepage": "http://drupal.org/project/linkit",
            "support": {
                "source": "http://cgit.drupalcode.org/linkit",
                "issues": "http://drupal.org/project/linkit"
            }
        },
        {
            "name": "drupal/metatag",
            "version": "1.5.0",
            "source": {
                "type": "git",
                "url": "https://git.drupal.org/project/metatag",
                "reference": "8.x-1.5"
            },
            "dist": {
                "type": "zip",
                "url": "https://ftp.drupal.org/files/projects/metatag-8.x-1.5.zip",
                "reference": "8.x-1.5",
                "shasum": "48f1c2a4e93ef1af1eb4b5b6cc6321e951fd1002"
            },
            "require": {
                "drupal/core": "*",
                "drupal/token": "^1.0"
            },
            "require-dev": {
                "drupal/devel": "^1.0",
                "drupal/metatag_dc": "*",
                "drupal/metatag_open_graph": "*",
                "drupal/redirect": "^1.0",
                "drupal/restui": "^1.0"
            },
            "type": "drupal-module",
            "extra": {
                "branch-alias": {
                    "dev-1.x": "1.x-dev"
                },
                "drupal": {
                    "version": "8.x-1.5",
                    "datestamp": "1522344484",
                    "security-coverage": {
                        "status": "covered",
                        "message": "Covered by Drupal's security advisory policy"
                    }
                }
            },
            "notification-url": "https://packages.drupal.org/8/downloads",
            "license": [
                "GPL-2.0+"
            ],
            "authors": [
                {
                    "name": "See contributors",
                    "homepage": "https://www.drupal.org/node/640498/committers",
                    "role": "Developer"
                },
                {
                    "name": "Dave Reid",
                    "homepage": "https://www.drupal.org/user/53892"
                }
            ],
            "description": "Manage meta tags for all entities.",
            "homepage": "https://www.drupal.org/project/metatag",
            "keywords": [
                "Drupal",
                "seo"
            ],
            "support": {
                "source": "http://cgit.drupalcode.org/metatag",
                "issues": "http://drupal.org/project/issues/metatag"
            }
        },
        {
            "name": "drupal/paragraphs",
            "version": "1.2.0",
            "source": {
                "type": "git",
                "url": "https://git.drupal.org/project/paragraphs",
                "reference": "8.x-1.2"
            },
            "dist": {
                "type": "zip",
                "url": "https://ftp.drupal.org/files/projects/paragraphs-8.x-1.2.zip",
                "reference": "8.x-1.2",
                "shasum": "6efc9d4351d4b21a55e7a6428c78495aaca662ef"
            },
            "require": {
                "drupal/core": "~8",
                "drupal/entity_reference_revisions": "~1.3"
            },
            "require-dev": {
                "drupal/block_field": "~1.0",
                "drupal/diff": "~1.0",
                "drupal/field_group": "~1.0",
                "drupal/inline_entity_form": "~1.0",
                "drupal/replicate": "~1.0",
                "drupal/search_api": "*",
                "drupal/search_api_db": "*"
            },
            "type": "drupal-module",
            "extra": {
                "branch-alias": {
                    "dev-1.x": "1.x-dev"
                },
                "drupal": {
                    "version": "8.x-1.2",
                    "datestamp": "1505802867",
                    "security-coverage": {
                        "status": "covered",
                        "message": "Covered by Drupal's security advisory policy"
                    }
                }
            },
            "notification-url": "https://packages.drupal.org/8/downloads",
            "license": [
                "GPL-2.0"
            ],
            "authors": [
                {
                    "name": "Berdir",
                    "homepage": "https://www.drupal.org/user/214652"
                },
                {
                    "name": "Frans",
                    "homepage": "https://www.drupal.org/user/514222"
                },
                {
                    "name": "Primsi",
                    "homepage": "https://www.drupal.org/user/282629"
                },
                {
                    "name": "jeroen.b",
                    "homepage": "https://www.drupal.org/user/1853532"
                },
                {
                    "name": "miro_dietiker",
                    "homepage": "https://www.drupal.org/user/227761"
                }
            ],
            "description": "Enables the creation of Paragraphs entities.",
            "homepage": "https://www.drupal.org/project/paragraphs",
            "support": {
                "source": "http://cgit.drupalcode.org/paragraphs"
            }
        },
        {
            "name": "drupal/pathauto",
            "version": "1.1.0",
            "source": {
                "type": "git",
                "url": "https://git.drupal.org/project/pathauto",
                "reference": "8.x-1.1"
            },
            "dist": {
                "type": "zip",
                "url": "https://ftp.drupal.org/files/projects/pathauto-8.x-1.1.zip",
                "reference": "8.x-1.1",
                "shasum": "3e24c9ff419c1f4bbe9d638eb7477a2169777a11"
            },
            "require": {
                "drupal/core": "*",
                "drupal/ctools": "*",
                "drupal/token": "*"
            },
            "type": "drupal-module",
            "extra": {
                "branch-alias": {
                    "dev-1.x": "1.x-dev"
                },
                "drupal": {
                    "version": "8.x-1.1",
                    "datestamp": "1520092685",
                    "security-coverage": {
                        "status": "covered",
                        "message": "Covered by Drupal's security advisory policy"
                    }
                }
            },
            "notification-url": "https://packages.drupal.org/8/downloads",
            "license": [
                "GPL-2.0-or-later"
            ],
            "authors": [
                {
                    "name": "Berdir",
                    "homepage": "https://www.drupal.org/user/214652"
                },
                {
                    "name": "Dave Reid",
                    "homepage": "https://www.drupal.org/user/53892"
                },
                {
                    "name": "Freso",
                    "homepage": "https://www.drupal.org/user/27504"
                },
                {
                    "name": "greggles",
                    "homepage": "https://www.drupal.org/user/36762"
                }
            ],
            "description": "Provides a mechanism for modules to automatically generate aliases for the content they manage.",
            "homepage": "https://www.drupal.org/project/pathauto",
            "support": {
                "source": "http://cgit.drupalcode.org/pathauto"
            }
        },
        {
            "name": "drupal/redirect",
            "version": "1.1.0",
            "source": {
                "type": "git",
                "url": "https://git.drupal.org/project/redirect",
                "reference": "8.x-1.1"
            },
            "dist": {
                "type": "zip",
                "url": "https://ftp.drupal.org/files/projects/redirect-8.x-1.1.zip",
                "reference": "8.x-1.1",
                "shasum": "32916081c436ea325b51bc5b3ec840fa19857cf7"
            },
            "require": {
                "drupal/core": "~8"
            },
            "type": "drupal-module",
            "extra": {
                "branch-alias": {
                    "dev-1.x": "1.x-dev"
                },
                "drupal": {
                    "version": "8.x-1.1",
                    "datestamp": "1520897880",
                    "security-coverage": {
                        "status": "covered",
                        "message": "Covered by Drupal's security advisory policy"
                    }
                }
            },
            "notification-url": "https://packages.drupal.org/8/downloads",
            "license": [
                "GPL-2.0+"
            ],
            "authors": [
                {
                    "name": "Berdir",
                    "homepage": "https://www.drupal.org/user/214652"
                },
                {
                    "name": "Dave Reid",
                    "homepage": "https://www.drupal.org/user/53892"
                }
            ],
            "description": "Allows users to redirect from old URLs to new URLs.",
            "homepage": "https://www.drupal.org/project/redirect",
            "support": {
                "source": "http://cgit.drupalcode.org/redirect"
            }
        },
        {
            "name": "drupal/schema_metatag",
            "version": "1.2.0",
            "source": {
                "type": "git",
                "url": "https://git.drupal.org/project/schema_metatag",
                "reference": "8.x-1.2"
            },
            "dist": {
                "type": "zip",
                "url": "https://ftp.drupal.org/files/projects/schema_metatag-8.x-1.2.zip",
                "reference": "8.x-1.2",
                "shasum": "7394891522f58e08fd4b6383033442251c98d934"
            },
            "require": {
                "drupal/core": "~8.0",
                "drupal/metatag": "*"
            },
            "require-dev": {
                "drupal/metatag_views": "*",
                "drupal/schema_article": "*",
                "drupal/schema_organization": "*",
                "drupal/votingapi": "*"
            },
            "type": "drupal-module",
            "extra": {
                "branch-alias": {
                    "dev-1.x": "1.x-dev"
                },
                "drupal": {
                    "version": "8.x-1.2",
                    "datestamp": "1521925680",
                    "security-coverage": {
                        "status": "covered",
                        "message": "Covered by Drupal's security advisory policy"
                    }
                }
            },
            "notification-url": "https://packages.drupal.org/8/downloads",
            "license": [
                "GPL-2.0+"
            ],
            "authors": [
                {
                    "name": "KarenS",
                    "homepage": "https://www.drupal.org/user/45874"
                }
            ],
            "description": "Metatag implementation of Schema.org structured data (JSON-LD)",
            "homepage": "https://www.drupal.org/project/schema_metatag",
            "keywords": [
                "Drupal"
            ],
            "support": {
                "source": "http://cgit.drupalcode.org/schema_metatag",
                "issues": "https://www.drupal.org/project/issues/schema_metatag"
            }
        },
        {
            "name": "drupal/token",
            "version": "1.1.0",
            "source": {
                "type": "git",
                "url": "https://git.drupal.org/project/token",
                "reference": "8.x-1.1"
            },
            "dist": {
                "type": "zip",
                "url": "https://ftp.drupal.org/files/projects/token-8.x-1.1.zip",
                "reference": "8.x-1.1",
                "shasum": "f11042a76bec028b0a86dc33cf6daa19eb55d545"
            },
            "require": {
                "drupal/core": "~8.0"
            },
            "type": "drupal-module",
            "extra": {
                "branch-alias": {
                    "dev-1.x": "1.x-dev"
                },
                "drupal": {
                    "version": "8.x-1.1",
                    "datestamp": "1513810384",
                    "security-coverage": {
                        "status": "covered",
                        "message": "Covered by Drupal's security advisory policy"
                    }
                }
            },
            "notification-url": "https://packages.drupal.org/8/downloads",
            "license": [
                "GPL-2.0-or-later"
            ],
            "authors": [
                {
                    "name": "Berdir",
                    "homepage": "https://www.drupal.org/user/214652"
                },
                {
                    "name": "Dave Reid",
                    "homepage": "https://www.drupal.org/user/53892"
                },
                {
                    "name": "eaton",
                    "homepage": "https://www.drupal.org/user/16496"
                },
                {
                    "name": "fago",
                    "homepage": "https://www.drupal.org/user/16747"
                },
                {
                    "name": "greggles",
                    "homepage": "https://www.drupal.org/user/36762"
                },
                {
                    "name": "mikeryan",
                    "homepage": "https://www.drupal.org/user/4420"
                }
            ],
            "description": "Provides a user interface for the Token API and some missing core tokens.",
            "homepage": "https://www.drupal.org/project/token",
            "support": {
                "source": "http://cgit.drupalcode.org/token"
            }
        },
        {
            "name": "drupal/twitter_block",
            "version": "2.1.0",
            "source": {
                "type": "git",
                "url": "https://git.drupal.org/project/twitter_block",
                "reference": "8.x-2.1"
            },
            "dist": {
                "type": "zip",
                "url": "https://ftp.drupal.org/files/projects/twitter_block-8.x-2.1.zip",
                "reference": "8.x-2.1",
                "shasum": "374eff45b257ca112177b38ef040fd2d920c5d16"
            },
            "require": {
                "drupal/core": "*"
            },
            "type": "drupal-module",
            "extra": {
                "branch-alias": {
                    "dev-2.x": "2.x-dev"
                },
                "drupal": {
                    "version": "8.x-2.1",
                    "datestamp": "1463644739",
                    "security-coverage": {
                        "status": "covered",
                        "message": "Covered by Drupal's security advisory policy"
                    }
                }
            },
            "notification-url": "https://packages.drupal.org/8/downloads",
            "license": [
                "GPL-2.0+"
            ],
            "authors": [
                {
                    "name": "Devin Carlson",
                    "homepage": "https://www.drupal.org/user/290182"
                },
                {
                    "name": "ZenDoodles",
                    "homepage": "https://www.drupal.org/user/226976"
                },
                {
                    "name": "cweagans",
                    "homepage": "https://www.drupal.org/user/404732"
                },
                {
                    "name": "naveenvalecha",
                    "homepage": "https://www.drupal.org/user/2665733"
                },
                {
                    "name": "subhojit777",
                    "homepage": "https://www.drupal.org/user/1812492"
                }
            ],
            "description": "Provides configurable blocks for a Twitter feed.",
            "homepage": "http://drupal.org/project/twitter_block",
            "support": {
                "source": "http://cgit.drupalcode.org/twitter_block"
            }
        }
    ],
    "packages-dev": [],
    "aliases": [],
    "minimum-stability": "dev",
    "stability-flags": [],
    "prefer-stable": true,
    "prefer-lowest": false,
    "platform": [],
    "platform-dev": []
}
